
Microsoft Visual Studio Solution File, Format Version 12.00
# Visual Studio 15
VisualStudioVersion = 15.0.27703.2000
MinimumVisualStudioVersion = 10.0.40219.1
Project("{FAE04EC0-301F-11D3-BF4B-00C04F79EFBC}") = "InnerGlobe.Android", "InnerGlobe\InnerGlobe.Android\InnerGlobe.Android.csproj", "{67B4930F-AD9D-48F2-BD60-04D79D5434E9}"
EndProject
Project("{FAE04EC0-301F-11D3-BF4B-00C04F79EFBC}") = "InnerGlobe.iOS", "InnerGlobe\InnerGlobe.iOS\InnerGlobe.iOS.csproj", "{349726EF-0055-435D-A4E9-D1175516603D}"
EndProject
Project("{FAE04EC0-301F-11D3-BF4B-00C04F79EFBC}") = "InnerGlobe.UWP", "InnerGlobe\InnerGlobe.UWP\InnerGlobe.UWP.csproj", "{37DBA92A-2D5D-4871-B8F2-915F03F56F5B}"
EndProject
Project("{FAE04EC0-301F-11D3-BF4B-00C04F79EFBC}") = "InnerGlobe", "InnerGlobe\InnerGlobe\InnerGlobe.csproj", "{45A12D76-883F-4F34-8EC4-66519643934F}"
EndProject
Project("{9A19103F-16F7-4668-BE54-9A1E7A4F7556}") = "Xamarin.Essentials", "..\..\..\essentials\Xamarin.Essentials\Xamarin.Essentials.csproj", "{B9C6D51A-4ADA-4392-92C9-8F2B52D53B2E}"
EndProject
Global
	GlobalSection(SolutionConfigurationPlatforms) = preSolution
		Ad-Hoc|Any CPU = Ad-Hoc|Any CPU
		Ad-Hoc|ARM = Ad-Hoc|ARM
		Ad-Hoc|iPhone = Ad-Hoc|iPhone
		Ad-Hoc|iPhoneSimulator = Ad-Hoc|iPhoneSimulator
		Ad-Hoc|x64 = Ad-Hoc|x64
		Ad-Hoc|x86 = Ad-Hoc|x86
		AppStore|Any CPU = AppStore|Any CPU
		AppStore|ARM = AppStore|ARM
		AppStore|iPhone = AppStore|iPhone
		AppStore|iPhoneSimulator = AppStore|iPhoneSimulator
		AppStore|x64 = AppStore|x64
		AppStore|x86 = AppStore|x86
		Debug|Any CPU = Debug|Any CPU
		Debug|ARM = Debug|ARM
		Debug|iPhone = Debug|iPhone
		Debug|iPhoneSimulator = Debug|iPhoneSimulator
		Debug|x64 = Debug|x64
		Debug|x86 = Debug|x86
		Release|Any CPU = Release|Any CPU
		Release|ARM = Release|ARM
		Release|iPhone = Release|iPhone
		Release|iPhoneSimulator = Release|iPhoneSimulator
		Release|x64 = Release|x64
		Release|x86 = Release|x86
	EndGlobalSection
	GlobalSection(ProjectConfigurationPlatforms) = postSolution
		{67B4930F-AD9D-48F2-BD60-04D79D5434E9}.Ad-Hoc|Any CPU.ActiveCfg = Release|Any CPU
		{67B4930F-AD9D-48F2-BD60-04D79D5434E9}.Ad-Hoc|Any CPU.Build.0 = Release|Any CPU
		{67B4930F-AD9D-48F2-BD60-04D79D5434E9}.Ad-Hoc|Any CPU.Deploy.0 = Release|Any CPU
		{67B4930F-AD9D-48F2-BD60-04D79D5434E9}.Ad-Hoc|ARM.ActiveCfg = Release|Any CPU
		{67B4930F-AD9D-48F2-BD60-04D79D5434E9}.Ad-Hoc|ARM.Build.0 = Release|Any CPU
		{67B4930F-AD9D-48F2-BD60-04D79D5434E9}.Ad-Hoc|ARM.Deploy.0 = Release|Any CPU
		{67B4930F-AD9D-48F2-BD60-04D79D5434E9}.Ad-Hoc|iPhone.ActiveCfg = Release|Any CPU
		{67B4930F-AD9D-48F2-BD60-04D79D5434E9}.Ad-Hoc|iPhone.Build.0 = Release|Any CPU
		{67B4930F-AD9D-48F2-BD60-04D79D5434E9}.Ad-Hoc|iPhone.Deploy.0 = Release|Any CPU
		{67B4930F-AD9D-48F2-BD60-04D79D5434E9}.Ad-Hoc|iPhoneSimulator.ActiveCfg = Release|Any CPU
		{67B4930F-AD9D-48F2-BD60-04D79D5434E9}.Ad-Hoc|iPhoneSimulator.Build.0 = Release|Any CPU
		{67B4930F-AD9D-48F2-BD60-04D79D5434E9}.Ad-Hoc|iPhoneSimulator.Deploy.0 = Release|Any CPU
		{67B4930F-AD9D-48F2-BD60-04D79D5434E9}.Ad-Hoc|x64.ActiveCfg = Release|Any CPU
		{67B4930F-AD9D-48F2-BD60-04D79D5434E9}.Ad-Hoc|x64.Build.0 = Release|Any CPU
		{67B4930F-AD9D-48F2-BD60-04D79D5434E9}.Ad-Hoc|x64.Deploy.0 = Release|Any CPU
		{67B4930F-AD9D-48F2-BD60-04D79D5434E9}.Ad-Hoc|x86.ActiveCfg = Release|Any CPU
		{67B4930F-AD9D-48F2-BD60-04D79D5434E9}.Ad-Hoc|x86.Build.0 = Release|Any CPU
		{67B4930F-AD9D-48F2-BD60-04D79D5434E9}.Ad-Hoc|x86.Deploy.0 = Release|Any CPU
		{67B4930F-AD9D-48F2-BD60-04D79D5434E9}.AppStore|Any CPU.ActiveCfg = Release|Any CPU
		{67B4930F-AD9D-48F2-BD60-04D79D5434E9}.AppStore|Any CPU.Build.0 = Release|Any CPU
		{67B4930F-AD9D-48F2-BD60-04D79D5434E9}.AppStore|Any CPU.Deploy.0 = Release|Any CPU
		{67B4930F-AD9D-48F2-BD60-04D79D5434E9}.AppStore|ARM.ActiveCfg = Release|Any CPU
		{67B4930F-AD9D-48F2-BD60-04D79D5434E9}.AppStore|ARM.Build.0 = Release|Any CPU
		{67B4930F-AD9D-48F2-BD60-04D79D5434E9}.AppStore|ARM.Deploy.0 = Release|Any CPU
		{67B4930F-AD9D-48F2-BD60-04D79D5434E9}.AppStore|iPhone.ActiveCfg = Release|Any CPU
		{67B4930F-AD9D-48F2-BD60-04D79D5434E9}.AppStore|iPhone.Build.0 = Release|Any CPU
		{67B4930F-AD9D-48F2-BD60-04D79D5434E9}.AppStore|iPhone.Deploy.0 = Release|Any CPU
		{67B4930F-AD9D-48F2-BD60-04D79D5434E9}.AppStore|iPhoneSimulator.ActiveCfg = Release|Any CPU
		{67B4930F-AD9D-48F2-BD60-04D79D5434E9}.AppStore|iPhoneSimulator.Build.0 = Release|Any CPU
		{67B4930F-AD9D-48F2-BD60-04D79D5434E9}.AppStore|iPhoneSimulator.Deploy.0 = Release|Any CPU
		{67B4930F-AD9D-48F2-BD60-04D79D5434E9}.AppStore|x64.ActiveCfg = Release|Any CPU
		{67B4930F-AD9D-48F2-BD60-04D79D5434E9}.AppStore|x64.Build.0 = Release|Any CPU
		{67B4930F-AD9D-48F2-BD60-04D79D5434E9}.AppStore|x64.Deploy.0 = Release|Any CPU
		{67B4930F-AD9D-48F2-BD60-04D79D5434E9}.AppStore|x86.ActiveCfg = Release|Any CPU
		{67B4930F-AD9D-48F2-BD60-04D79D5434E9}.AppStore|x86.Build.0 = Release|Any CPU
		{67B4930F-AD9D-48F2-BD60-04D79D5434E9}.AppStore|x86.Deploy.0 = Release|Any CPU
		{67B4930F-AD9D-48F2-BD60-04D79D5434E9}.Debug|Any CPU.ActiveCfg = Debug|Any CPU
		{67B4930F-AD9D-48F2-BD60-04D79D5434E9}.Debug|Any CPU.Build.0 = Debug|Any CPU
		{67B4930F-AD9D-48F2-BD60-04D79D5434E9}.Debug|Any CPU.Deploy.0 = Debug|Any CPU
		{67B4930F-AD9D-48F2-BD60-04D79D5434E9}.Debug|ARM.ActiveCfg = Debug|Any CPU
		{67B4930F-AD9D-48F2-BD60-04D79D5434E9}.Debug|ARM.Build.0 = Debug|Any CPU
		{67B4930F-AD9D-48F2-BD60-04D79D5434E9}.Debug|ARM.Deploy.0 = Debug|Any CPU
		{67B4930F-AD9D-48F2-BD60-04D79D5434E9}.Debug|iPhone.ActiveCfg = Debug|Any CPU
		{67B4930F-AD9D-48F2-BD60-04D79D5434E9}.Debug|iPhone.Build.0 = Debug|Any CPU
		{67B4930F-AD9D-48F2-BD60-04D79D5434E9}.Debug|iPhone.Deploy.0 = Debug|Any CPU
		{67B4930F-AD9D-48F2-BD60-04D79D5434E9}.Debug|iPhoneSimulator.ActiveCfg = Debug|Any CPU
		{67B4930F-AD9D-48F2-BD60-04D79D5434E9}.Debug|iPhoneSimulator.Build.0 = Debug|Any CPU
		{67B4930F-AD9D-48F2-BD60-04D79D5434E9}.Debug|iPhoneSimulator.Deploy.0 = Debug|Any CPU
		{67B4930F-AD9D-48F2-BD60-04D79D5434E9}.Debug|x64.ActiveCfg = Debug|Any CPU
		{67B4930F-AD9D-48F2-BD60-04D79D5434E9}.Debug|x64.Build.0 = Debug|Any CPU
		{67B4930F-AD9D-48F2-BD60-04D79D5434E9}.Debug|x64.Deploy.0 = Debug|Any CPU
		{67B4930F-AD9D-48F2-BD60-04D79D5434E9}.Debug|x86.ActiveCfg = Debug|Any CPU
		{67B4930F-AD9D-48F2-BD60-04D79D5434E9}.Debug|x86.Build.0 = Debug|Any CPU
		{67B4930F-AD9D-48F2-BD60-04D79D5434E9}.Debug|x86.Deploy.0 = Debug|Any CPU
		{67B4930F-AD9D-48F2-BD60-04D79D5434E9}.Release|Any CPU.ActiveCfg = Release|Any CPU
		{67B4930F-AD9D-48F2-BD60-04D79D5434E9}.Release|Any CPU.Build.0 = Release|Any CPU
		{67B4930F-AD9D-48F2-BD60-04D79D5434E9}.Release|Any CPU.Deploy.0 = Release|Any CPU
		{67B4930F-AD9D-48F2-BD60-04D79D5434E9}.Release|ARM.ActiveCfg = Release|Any CPU
		{67B4930F-AD9D-48F2-BD60-04D79D5434E9}.Release|ARM.Build.0 = Release|Any CPU
		{67B4930F-AD9D-48F2-BD60-04D79D5434E9}.Release|ARM.Deploy.0 = Release|Any CPU
		{67B4930F-AD9D-48F2-BD60-04D79D5434E9}.Release|iPhone.ActiveCfg = Release|Any CPU
		{67B4930F-AD9D-48F2-BD60-04D79D5434E9}.Release|iPhone.Build.0 = Release|Any CPU
		{67B4930F-AD9D-48F2-BD60-04D79D5434E9}.Release|iPhone.Deploy.0 = Release|Any CPU
		{67B4930F-AD9D-48F2-BD60-04D79D5434E9}.Release|iPhoneSimulator.ActiveCfg = Release|Any CPU
		{67B4930F-AD9D-48F2-BD60-04D79D5434E9}.Release|iPhoneSimulator.Build.0 = Release|Any CPU
		{67B4930F-AD9D-48F2-BD60-04D79D5434E9}.Release|iPhoneSimulator.Deploy.0 = Release|Any CPU
		{67B4930F-AD9D-48F2-BD60-04D79D5434E9}.Release|x64.ActiveCfg = Release|Any CPU
		{67B4930F-AD9D-48F2-BD60-04D79D5434E9}.Release|x64.Build.0 = Release|Any CPU
		{67B4930F-AD9D-48F2-BD60-04D79D5434E9}.Release|x64.Deploy.0 = Release|Any CPU
		{67B4930F-AD9D-48F2-BD60-04D79D5434E9}.Release|x86.ActiveCfg = Release|Any CPU
		{67B4930F-AD9D-48F2-BD60-04D79D5434E9}.Release|x86.Build.0 = Release|Any CPU
		{67B4930F-AD9D-48F2-BD60-04D79D5434E9}.Release|x86.Deploy.0 = Release|Any CPU
		{349726EF-0055-435D-A4E9-D1175516603D}.Ad-Hoc|Any CPU.ActiveCfg = Ad-Hoc|iPhone
		{349726EF-0055-435D-A4E9-D1175516603D}.Ad-Hoc|Any CPU.Build.0 = Ad-Hoc|iPhone
		{349726EF-0055-435D-A4E9-D1175516603D}.Ad-Hoc|Any CPU.Deploy.0 = Ad-Hoc|iPhone
		{349726EF-0055-435D-A4E9-D1175516603D}.Ad-Hoc|ARM.ActiveCfg = Ad-Hoc|iPhone
		{349726EF-0055-435D-A4E9-D1175516603D}.Ad-Hoc|ARM.Build.0 = Ad-Hoc|iPhone
		{349726EF-0055-435D-A4E9-D1175516603D}.Ad-Hoc|ARM.Deploy.0 = Ad-Hoc|iPhone
		{349726EF-0055-435D-A4E9-D1175516603D}.Ad-Hoc|iPhone.ActiveCfg = Ad-Hoc|iPhone
		{349726EF-0055-435D-A4E9-D1175516603D}.Ad-Hoc|iPhone.Build.0 = Ad-Hoc|iPhone
		{349726EF-0055-435D-A4E9-D1175516603D}.Ad-Hoc|iPhone.Deploy.0 = Ad-Hoc|iPhone
		{349726EF-0055-435D-A4E9-D1175516603D}.Ad-Hoc|iPhoneSimulator.ActiveCfg = Ad-Hoc|iPhoneSimulator
		{349726EF-0055-435D-A4E9-D1175516603D}.Ad-Hoc|iPhoneSimulator.Build.0 = Ad-Hoc|iPhoneSimulator
		{349726EF-0055-435D-A4E9-D1175516603D}.Ad-Hoc|iPhoneSimulator.Deploy.0 = Ad-Hoc|iPhoneSimulator
		{349726EF-0055-435D-A4E9-D1175516603D}.Ad-Hoc|x64.ActiveCfg = Ad-Hoc|iPhone
		{349726EF-0055-435D-A4E9-D1175516603D}.Ad-Hoc|x64.Build.0 = Ad-Hoc|iPhone
		{349726EF-0055-435D-A4E9-D1175516603D}.Ad-Hoc|x64.Deploy.0 = Ad-Hoc|iPhone
		{349726EF-0055-435D-A4E9-D1175516603D}.Ad-Hoc|x86.ActiveCfg = Ad-Hoc|iPhone
		{349726EF-0055-435D-A4E9-D1175516603D}.Ad-Hoc|x86.Build.0 = Ad-Hoc|iPhone
		{349726EF-0055-435D-A4E9-D1175516603D}.Ad-Hoc|x86.Deploy.0 = Ad-Hoc|iPhone
		{349726EF-0055-435D-A4E9-D1175516603D}.AppStore|Any CPU.ActiveCfg = AppStore|iPhone
		{349726EF-0055-435D-A4E9-D1175516603D}.AppStore|Any CPU.Build.0 = AppStore|iPhone
		{349726EF-0055-435D-A4E9-D1175516603D}.AppStore|Any CPU.Deploy.0 = AppStore|iPhone
		{349726EF-0055-435D-A4E9-D1175516603D}.AppStore|ARM.ActiveCfg = AppStore|iPhone
		{349726EF-0055-435D-A4E9-D1175516603D}.AppStore|ARM.Build.0 = AppStore|iPhone
		{349726EF-0055-435D-A4E9-D1175516603D}.AppStore|ARM.Deploy.0 = AppStore|iPhone
		{349726EF-0055-435D-A4E9-D1175516603D}.AppStore|iPhone.ActiveCfg = AppStore|iPhone
		{349726EF-0055-435D-A4E9-D1175516603D}.AppStore|iPhone.Build.0 = AppStore|iPhone
		{349726EF-0055-435D-A4E9-D1175516603D}.AppStore|iPhone.Deploy.0 = AppStore|iPhone
		{349726EF-0055-435D-A4E9-D1175516603D}.AppStore|iPhoneSimulator.ActiveCfg = AppStore|iPhoneSimulator
		{349726EF-0055-435D-A4E9-D1175516603D}.AppStore|iPhoneSimulator.Build.0 = AppStore|iPhoneSimulator
		{349726EF-0055-435D-A4E9-D1175516603D}.AppStore|iPhoneSimulator.Deploy.0 = AppStore|iPhoneSimulator
		{349726EF-0055-435D-A4E9-D1175516603D}.AppStore|x64.ActiveCfg = AppStore|iPhone
		{349726EF-0055-435D-A4E9-D1175516603D}.AppStore|x64.Build.0 = AppStore|iPhone
		{349726EF-0055-435D-A4E9-D1175516603D}.AppStore|x64.Deploy.0 = AppStore|iPhone
		{349726EF-0055-435D-A4E9-D1175516603D}.AppStore|x86.ActiveCfg = AppStore|iPhone
		{349726EF-0055-435D-A4E9-D1175516603D}.AppStore|x86.Build.0 = AppStore|iPhone
		{349726EF-0055-435D-A4E9-D1175516603D}.AppStore|x86.Deploy.0 = AppStore|iPhone
		{349726EF-0055-435D-A4E9-D1175516603D}.Debug|Any CPU.ActiveCfg = Debug|iPhoneSimulator
		{349726EF-0055-435D-A4E9-D1175516603D}.Debug|Any CPU.Build.0 = Debug|iPhoneSimulator
		{349726EF-0055-435D-A4E9-D1175516603D}.Debug|Any CPU.Deploy.0 = Debug|iPhoneSimulator
		{349726EF-0055-435D-A4E9-D1175516603D}.Debug|ARM.ActiveCfg = Debug|iPhone
		{349726EF-0055-435D-A4E9-D1175516603D}.Debug|ARM.Build.0 = Debug|iPhone
		{349726EF-0055-435D-A4E9-D1175516603D}.Debug|ARM.Deploy.0 = Debug|iPhone
		{349726EF-0055-435D-A4E9-D1175516603D}.Debug|iPhone.ActiveCfg = Debug|iPhone
		{349726EF-0055-435D-A4E9-D1175516603D}.Debug|iPhone.Build.0 = Debug|iPhone
		{349726EF-0055-435D-A4E9-D1175516603D}.Debug|iPhone.Deploy.0 = Debug|iPhone
		{349726EF-0055-435D-A4E9-D1175516603D}.Debug|iPhoneSimulator.ActiveCfg = Debug|iPhoneSimulator
		{349726EF-0055-435D-A4E9-D1175516603D}.Debug|iPhoneSimulator.Build.0 = Debug|iPhoneSimulator
		{349726EF-0055-435D-A4E9-D1175516603D}.Debug|iPhoneSimulator.Deploy.0 = Debug|iPhoneSimulator
		{349726EF-0055-435D-A4E9-D1175516603D}.Debug|x64.ActiveCfg = Debug|iPhone
		{349726EF-0055-435D-A4E9-D1175516603D}.Debug|x64.Build.0 = Debug|iPhone
		{349726EF-0055-435D-A4E9-D1175516603D}.Debug|x64.Deploy.0 = Debug|iPhone
		{349726EF-0055-435D-A4E9-D1175516603D}.Debug|x86.ActiveCfg = Debug|iPhone
		{349726EF-0055-435D-A4E9-D1175516603D}.Debug|x86.Build.0 = Debug|iPhone
		{349726EF-0055-435D-A4E9-D1175516603D}.Debug|x86.Deploy.0 = Debug|iPhone
		{349726EF-0055-435D-A4E9-D1175516603D}.Release|Any CPU.ActiveCfg = Release|iPhone
		{349726EF-0055-435D-A4E9-D1175516603D}.Release|Any CPU.Build.0 = Release|iPhone
		{349726EF-0055-435D-A4E9-D1175516603D}.Release|Any CPU.Deploy.0 = Release|iPhone
		{349726EF-0055-435D-A4E9-D1175516603D}.Release|ARM.ActiveCfg = Release|iPhone
		{349726EF-0055-435D-A4E9-D1175516603D}.Release|ARM.Build.0 = Release|iPhone
		{349726EF-0055-435D-A4E9-D1175516603D}.Release|ARM.Deploy.0 = Release|iPhone
		{349726EF-0055-435D-A4E9-D1175516603D}.Release|iPhone.ActiveCfg = Release|iPhone
		{349726EF-0055-435D-A4E9-D1175516603D}.Release|iPhone.Build.0 = Release|iPhone
		{349726EF-0055-435D-A4E9-D1175516603D}.Release|iPhone.Deploy.0 = Release|iPhone
		{349726EF-0055-435D-A4E9-D1175516603D}.Release|iPhoneSimulator.ActiveCfg = Release|iPhoneSimulator
		{349726EF-0055-435D-A4E9-D1175516603D}.Release|iPhoneSimulator.Build.0 = Release|iPhoneSimulator
		{349726EF-0055-435D-A4E9-D1175516603D}.Release|iPhoneSimulator.Deploy.0 = Release|iPhoneSimulator
		{349726EF-0055-435D-A4E9-D1175516603D}.Release|x64.ActiveCfg = Release|iPhone
		{349726EF-0055-435D-A4E9-D1175516603D}.Release|x64.Build.0 = Release|iPhone
		{349726EF-0055-435D-A4E9-D1175516603D}.Release|x64.Deploy.0 = Release|iPhone
		{349726EF-0055-435D-A4E9-D1175516603D}.Release|x86.ActiveCfg = Release|iPhone
		{349726EF-0055-435D-A4E9-D1175516603D}.Release|x86.Build.0 = Release|iPhone
		{349726EF-0055-435D-A4E9-D1175516603D}.Release|x86.Deploy.0 = Release|iPhone
		{37DBA92A-2D5D-4871-B8F2-915F03F56F5B}.Ad-Hoc|Any CPU.ActiveCfg = Release|x86
		{37DBA92A-2D5D-4871-B8F2-915F03F56F5B}.Ad-Hoc|Any CPU.Build.0 = Release|x86
		{37DBA92A-2D5D-4871-B8F2-915F03F56F5B}.Ad-Hoc|Any CPU.Deploy.0 = Release|x86
		{37DBA92A-2D5D-4871-B8F2-915F03F56F5B}.Ad-Hoc|ARM.ActiveCfg = Release|ARM
		{37DBA92A-2D5D-4871-B8F2-915F03F56F5B}.Ad-Hoc|ARM.Build.0 = Release|ARM
		{37DBA92A-2D5D-4871-B8F2-915F03F56F5B}.Ad-Hoc|ARM.Deploy.0 = Release|ARM
		{37DBA92A-2D5D-4871-B8F2-915F03F56F5B}.Ad-Hoc|iPhone.ActiveCfg = Release|x86
		{37DBA92A-2D5D-4871-B8F2-915F03F56F5B}.Ad-Hoc|iPhone.Build.0 = Release|x86
		{37DBA92A-2D5D-4871-B8F2-915F03F56F5B}.Ad-Hoc|iPhone.Deploy.0 = Release|x86
		{37DBA92A-2D5D-4871-B8F2-915F03F56F5B}.Ad-Hoc|iPhoneSimulator.ActiveCfg = Release|x86
		{37DBA92A-2D5D-4871-B8F2-915F03F56F5B}.Ad-Hoc|iPhoneSimulator.Build.0 = Release|x86
		{37DBA92A-2D5D-4871-B8F2-915F03F56F5B}.Ad-Hoc|iPhoneSimulator.Deploy.0 = Release|x86
		{37DBA92A-2D5D-4871-B8F2-915F03F56F5B}.Ad-Hoc|x64.ActiveCfg = Release|x64
		{37DBA92A-2D5D-4871-B8F2-915F03F56F5B}.Ad-Hoc|x64.Build.0 = Release|x64
		{37DBA92A-2D5D-4871-B8F2-915F03F56F5B}.Ad-Hoc|x64.Deploy.0 = Release|x64
		{37DBA92A-2D5D-4871-B8F2-915F03F56F5B}.Ad-Hoc|x86.ActiveCfg = Release|x86
		{37DBA92A-2D5D-4871-B8F2-915F03F56F5B}.Ad-Hoc|x86.Build.0 = Release|x86
		{37DBA92A-2D5D-4871-B8F2-915F03F56F5B}.Ad-Hoc|x86.Deploy.0 = Release|x86
		{37DBA92A-2D5D-4871-B8F2-915F03F56F5B}.AppStore|Any CPU.ActiveCfg = Release|x86
		{37DBA92A-2D5D-4871-B8F2-915F03F56F5B}.AppStore|Any CPU.Build.0 = Release|x86
		{37DBA92A-2D5D-4871-B8F2-915F03F56F5B}.AppStore|Any CPU.Deploy.0 = Release|x86
		{37DBA92A-2D5D-4871-B8F2-915F03F56F5B}.AppStore|ARM.ActiveCfg = Release|ARM
		{37DBA92A-2D5D-4871-B8F2-915F03F56F5B}.AppStore|ARM.Build.0 = Release|ARM
		{37DBA92A-2D5D-4871-B8F2-915F03F56F5B}.AppStore|ARM.Deploy.0 = Release|ARM
		{37DBA92A-2D5D-4871-B8F2-915F03F56F5B}.AppStore|iPhone.ActiveCfg = Release|x86
		{37DBA92A-2D5D-4871-B8F2-915F03F56F5B}.AppStore|iPhone.Build.0 = Release|x86
		{37DBA92A-2D5D-4871-B8F2-915F03F56F5B}.AppStore|iPhone.Deploy.0 = Release|x86
		{37DBA92A-2D5D-4871-B8F2-915F03F56F5B}.AppStore|iPhoneSimulator.ActiveCfg = Release|x86
		{37DBA92A-2D5D-4871-B8F2-915F03F56F5B}.AppStore|iPhoneSimulator.Build.0 = Release|x86
		{37DBA92A-2D5D-4871-B8F2-915F03F56F5B}.AppStore|iPhoneSimulator.Deploy.0 = Release|x86
		{37DBA92A-2D5D-4871-B8F2-915F03F56F5B}.AppStore|x64.ActiveCfg = Release|x64
		{37DBA92A-2D5D-4871-B8F2-915F03F56F5B}.AppStore|x64.Build.0 = Release|x64
		{37DBA92A-2D5D-4871-B8F2-915F03F56F5B}.AppStore|x64.Deploy.0 = Release|x64
		{37DBA92A-2D5D-4871-B8F2-915F03F56F5B}.AppStore|x86.ActiveCfg = Release|x86
		{37DBA92A-2D5D-4871-B8F2-915F03F56F5B}.AppStore|x86.Build.0 = Release|x86
		{37DBA92A-2D5D-4871-B8F2-915F03F56F5B}.AppStore|x86.Deploy.0 = Release|x86
		{37DBA92A-2D5D-4871-B8F2-915F03F56F5B}.Debug|Any CPU.ActiveCfg = Debug|x86
		{37DBA92A-2D5D-4871-B8F2-915F03F56F5B}.Debug|Any CPU.Build.0 = Debug|x86
		{37DBA92A-2D5D-4871-B8F2-915F03F56F5B}.Debug|Any CPU.Deploy.0 = Debug|x86
		{37DBA92A-2D5D-4871-B8F2-915F03F56F5B}.Debug|ARM.ActiveCfg = Debug|ARM
		{37DBA92A-2D5D-4871-B8F2-915F03F56F5B}.Debug|ARM.Build.0 = Debug|ARM
		{37DBA92A-2D5D-4871-B8F2-915F03F56F5B}.Debug|ARM.Deploy.0 = Debug|ARM
		{37DBA92A-2D5D-4871-B8F2-915F03F56F5B}.Debug|iPhone.ActiveCfg = Debug|x86
		{37DBA92A-2D5D-4871-B8F2-915F03F56F5B}.Debug|iPhone.Build.0 = Debug|x86
		{37DBA92A-2D5D-4871-B8F2-915F03F56F5B}.Debug|iPhone.Deploy.0 = Debug|x86
		{37DBA92A-2D5D-4871-B8F2-915F03F56F5B}.Debug|iPhoneSimulator.ActiveCfg = Debug|x86
		{37DBA92A-2D5D-4871-B8F2-915F03F56F5B}.Debug|iPhoneSimulator.Build.0 = Debug|x86
		{37DBA92A-2D5D-4871-B8F2-915F03F56F5B}.Debug|iPhoneSimulator.Deploy.0 = Debug|x86
		{37DBA92A-2D5D-4871-B8F2-915F03F56F5B}.Debug|x64.ActiveCfg = Debug|x64
		{37DBA92A-2D5D-4871-B8F2-915F03F56F5B}.Debug|x64.Build.0 = Debug|x64
		{37DBA92A-2D5D-4871-B8F2-915F03F56F5B}.Debug|x64.Deploy.0 = Debug|x64
		{37DBA92A-2D5D-4871-B8F2-915F03F56F5B}.Debug|x86.ActiveCfg = Debug|x86
		{37DBA92A-2D5D-4871-B8F2-915F03F56F5B}.Debug|x86.Build.0 = Debug|x86
		{37DBA92A-2D5D-4871-B8F2-915F03F56F5B}.Debug|x86.Deploy.0 = Debug|x86
		{37DBA92A-2D5D-4871-B8F2-915F03F56F5B}.Release|Any CPU.ActiveCfg = Release|x86
		{37DBA92A-2D5D-4871-B8F2-915F03F56F5B}.Release|Any CPU.Build.0 = Release|x86
		{37DBA92A-2D5D-4871-B8F2-915F03F56F5B}.Release|Any CPU.Deploy.0 = Release|x86
		{37DBA92A-2D5D-4871-B8F2-915F03F56F5B}.Release|ARM.ActiveCfg = Release|ARM
		{37DBA92A-2D5D-4871-B8F2-915F03F56F5B}.Release|ARM.Build.0 = Release|ARM
		{37DBA92A-2D5D-4871-B8F2-915F03F56F5B}.Release|ARM.Deploy.0 = Release|ARM
		{37DBA92A-2D5D-4871-B8F2-915F03F56F5B}.Release|iPhone.ActiveCfg = Release|x86
		{37DBA92A-2D5D-4871-B8F2-915F03F56F5B}.Release|iPhone.Build.0 = Release|x86
		{37DBA92A-2D5D-4871-B8F2-915F03F56F5B}.Release|iPhone.Deploy.0 = Release|x86
		{37DBA92A-2D5D-4871-B8F2-915F03F56F5B}.Release|iPhoneSimulator.ActiveCfg = Release|x86
		{37DBA92A-2D5D-4871-B8F2-915F03F56F5B}.Release|iPhoneSimulator.Build.0 = Release|x86
		{37DBA92A-2D5D-4871-B8F2-915F03F56F5B}.Release|iPhoneSimulator.Deploy.0 = Release|x86
		{37DBA92A-2D5D-4871-B8F2-915F03F56F5B}.Release|x64.ActiveCfg = Release|x64
		{37DBA92A-2D5D-4871-B8F2-915F03F56F5B}.Release|x64.Build.0 = Release|x64
		{37DBA92A-2D5D-4871-B8F2-915F03F56F5B}.Release|x64.Deploy.0 = Release|x64
		{37DBA92A-2D5D-4871-B8F2-915F03F56F5B}.Release|x86.ActiveCfg = Release|x86
		{37DBA92A-2D5D-4871-B8F2-915F03F56F5B}.Release|x86.Build.0 = Release|x86
		{37DBA92A-2D5D-4871-B8F2-915F03F56F5B}.Release|x86.Deploy.0 = Release|x86
		{45A12D76-883F-4F34-8EC4-66519643934F}.Ad-Hoc|Any CPU.ActiveCfg = Debug|Any CPU
		{45A12D76-883F-4F34-8EC4-66519643934F}.Ad-Hoc|Any CPU.Build.0 = Debug|Any CPU
		{45A12D76-883F-4F34-8EC4-66519643934F}.Ad-Hoc|Any CPU.Deploy.0 = Debug|Any CPU
		{45A12D76-883F-4F34-8EC4-66519643934F}.Ad-Hoc|ARM.ActiveCfg = Debug|Any CPU
		{45A12D76-883F-4F34-8EC4-66519643934F}.Ad-Hoc|ARM.Build.0 = Debug|Any CPU
		{45A12D76-883F-4F34-8EC4-66519643934F}.Ad-Hoc|ARM.Deploy.0 = Debug|Any CPU
		{45A12D76-883F-4F34-8EC4-66519643934F}.Ad-Hoc|iPhone.ActiveCfg = Debug|Any CPU
		{45A12D76-883F-4F34-8EC4-66519643934F}.Ad-Hoc|iPhone.Build.0 = Debug|Any CPU
		{45A12D76-883F-4F34-8EC4-66519643934F}.Ad-Hoc|iPhone.Deploy.0 = Debug|Any CPU
		{45A12D76-883F-4F34-8EC4-66519643934F}.Ad-Hoc|iPhoneSimulator.ActiveCfg = Debug|Any CPU
		{45A12D76-883F-4F34-8EC4-66519643934F}.Ad-Hoc|iPhoneSimulator.Build.0 = Debug|Any CPU
		{45A12D76-883F-4F34-8EC4-66519643934F}.Ad-Hoc|iPhoneSimulator.Deploy.0 = Debug|Any CPU
		{45A12D76-883F-4F34-8EC4-66519643934F}.Ad-Hoc|x64.ActiveCfg = Debug|Any CPU
		{45A12D76-883F-4F34-8EC4-66519643934F}.Ad-Hoc|x64.Build.0 = Debug|Any CPU
		{45A12D76-883F-4F34-8EC4-66519643934F}.Ad-Hoc|x64.Deploy.0 = Debug|Any CPU
		{45A12D76-883F-4F34-8EC4-66519643934F}.Ad-Hoc|x86.ActiveCfg = Debug|Any CPU
		{45A12D76-883F-4F34-8EC4-66519643934F}.Ad-Hoc|x86.Build.0 = Debug|Any CPU
		{45A12D76-883F-4F34-8EC4-66519643934F}.Ad-Hoc|x86.Deploy.0 = Debug|Any CPU
		{45A12D76-883F-4F34-8EC4-66519643934F}.AppStore|Any CPU.ActiveCfg = Debug|Any CPU
		{45A12D76-883F-4F34-8EC4-66519643934F}.AppStore|Any CPU.Build.0 = Debug|Any CPU
		{45A12D76-883F-4F34-8EC4-66519643934F}.AppStore|Any CPU.Deploy.0 = Debug|Any CPU
		{45A12D76-883F-4F34-8EC4-66519643934F}.AppStore|ARM.ActiveCfg = Debug|Any CPU
		{45A12D76-883F-4F34-8EC4-66519643934F}.AppStore|ARM.Build.0 = Debug|Any CPU
		{45A12D76-883F-4F34-8EC4-66519643934F}.AppStore|ARM.Deploy.0 = Debug|Any CPU
		{45A12D76-883F-4F34-8EC4-66519643934F}.AppStore|iPhone.ActiveCfg = Debug|Any CPU
		{45A12D76-883F-4F34-8EC4-66519643934F}.AppStore|iPhone.Build.0 = Debug|Any CPU
		{45A12D76-883F-4F34-8EC4-66519643934F}.AppStore|iPhone.Deploy.0 = Debug|Any CPU
		{45A12D76-883F-4F34-8EC4-66519643934F}.AppStore|iPhoneSimulator.ActiveCfg = Debug|Any CPU
		{45A12D76-883F-4F34-8EC4-66519643934F}.AppStore|iPhoneSimulator.Build.0 = Debug|Any CPU
		{45A12D76-883F-4F34-8EC4-66519643934F}.AppStore|iPhoneSimulator.Deploy.0 = Debug|Any CPU
		{45A12D76-883F-4F34-8EC4-66519643934F}.AppStore|x64.ActiveCfg = Debug|Any CPU
		{45A12D76-883F-4F34-8EC4-66519643934F}.AppStore|x64.Build.0 = Debug|Any CPU
		{45A12D76-883F-4F34-8EC4-66519643934F}.AppStore|x64.Deploy.0 = Debug|Any CPU
		{45A12D76-883F-4F34-8EC4-66519643934F}.AppStore|x86.ActiveCfg = Debug|Any CPU
		{45A12D76-883F-4F34-8EC4-66519643934F}.AppStore|x86.Build.0 = Debug|Any CPU
		{45A12D76-883F-4F34-8EC4-66519643934F}.AppStore|x86.Deploy.0 = Debug|Any CPU
		{45A12D76-883F-4F34-8EC4-66519643934F}.Debug|Any CPU.ActiveCfg = Debug|Any CPU
		{45A12D76-883F-4F34-8EC4-66519643934F}.Debug|Any CPU.Build.0 = Debug|Any CPU
		{45A12D76-883F-4F34-8EC4-66519643934F}.Debug|Any CPU.Deploy.0 = Debug|Any CPU
		{45A12D76-883F-4F34-8EC4-66519643934F}.Debug|ARM.ActiveCfg = Debug|Any CPU
		{45A12D76-883F-4F34-8EC4-66519643934F}.Debug|ARM.Build.0 = Debug|Any CPU
		{45A12D76-883F-4F34-8EC4-66519643934F}.Debug|ARM.Deploy.0 = Debug|Any CPU
		{45A12D76-883F-4F34-8EC4-66519643934F}.Debug|iPhone.ActiveCfg = Debug|Any CPU
		{45A12D76-883F-4F34-8EC4-66519643934F}.Debug|iPhone.Build.0 = Debug|Any CPU
		{45A12D76-883F-4F34-8EC4-66519643934F}.Debug|iPhone.Deploy.0 = Debug|Any CPU
		{45A12D76-883F-4F34-8EC4-66519643934F}.Debug|iPhoneSimulator.ActiveCfg = Debug|Any CPU
		{45A12D76-883F-4F34-8EC4-66519643934F}.Debug|iPhoneSimulator.Build.0 = Debug|Any CPU
		{45A12D76-883F-4F34-8EC4-66519643934F}.Debug|iPhoneSimulator.Deploy.0 = Debug|Any CPU
		{45A12D76-883F-4F34-8EC4-66519643934F}.Debug|x64.ActiveCfg = Debug|Any CPU
		{45A12D76-883F-4F34-8EC4-66519643934F}.Debug|x64.Build.0 = Debug|Any CPU
		{45A12D76-883F-4F34-8EC4-66519643934F}.Debug|x64.Deploy.0 = Debug|Any CPU
		{45A12D76-883F-4F34-8EC4-66519643934F}.Debug|x86.ActiveCfg = Debug|Any CPU
		{45A12D76-883F-4F34-8EC4-66519643934F}.Debug|x86.Build.0 = Debug|Any CPU
		{45A12D76-883F-4F34-8EC4-66519643934F}.Debug|x86.Deploy.0 = Debug|Any CPU
		{45A12D76-883F-4F34-8EC4-66519643934F}.Release|Any CPU.ActiveCfg = Release|Any CPU
		{45A12D76-883F-4F34-8EC4-66519643934F}.Release|Any CPU.Build.0 = Release|Any CPU
		{45A12D76-883F-4F34-8EC4-66519643934F}.Release|Any CPU.Deploy.0 = Release|Any CPU
		{45A12D76-883F-4F34-8EC4-66519643934F}.Release|ARM.ActiveCfg = Release|Any CPU
		{45A12D76-883F-4F34-8EC4-66519643934F}.Release|ARM.Build.0 = Release|Any CPU
		{45A12D76-883F-4F34-8EC4-66519643934F}.Release|ARM.Deploy.0 = Release|Any CPU
		{45A12D76-883F-4F34-8EC4-66519643934F}.Release|iPhone.ActiveCfg = Release|Any CPU
		{45A12D76-883F-4F34-8EC4-66519643934F}.Release|iPhone.Build.0 = Release|Any CPU
		{45A12D76-883F-4F34-8EC4-66519643934F}.Release|iPhone.Deploy.0 = Release|Any CPU
		{45A12D76-883F-4F34-8EC4-66519643934F}.Release|iPhoneSimulator.ActiveCfg = Release|Any CPU
		{45A12D76-883F-4F34-8EC4-66519643934F}.Release|iPhoneSimulator.Build.0 = Release|Any CPU
		{45A12D76-883F-4F34-8EC4-66519643934F}.Release|iPhoneSimulator.Deploy.0 = Release|Any CPU
		{45A12D76-883F-4F34-8EC4-66519643934F}.Release|x64.ActiveCfg = Release|Any CPU
		{45A12D76-883F-4F34-8EC4-66519643934F}.Release|x64.Build.0 = Release|Any CPU
		{45A12D76-883F-4F34-8EC4-66519643934F}.Release|x64.Deploy.0 = Release|Any CPU
		{45A12D76-883F-4F34-8EC4-66519643934F}.Release|x86.ActiveCfg = Release|Any CPU
		{45A12D76-883F-4F34-8EC4-66519643934F}.Release|x86.Build.0 = Release|Any CPU
		{45A12D76-883F-4F34-8EC4-66519643934F}.Release|x86.Deploy.0 = Release|Any CPU
		{B9C6D51A-4ADA-4392-92C9-8F2B52D53B2E}.Ad-Hoc|Any CPU.ActiveCfg = Debug|Any CPU
		{B9C6D51A-4ADA-4392-92C9-8F2B52D53B2E}.Ad-Hoc|Any CPU.Build.0 = Debug|Any CPU
		{B9C6D51A-4ADA-4392-92C9-8F2B52D53B2E}.Ad-Hoc|ARM.ActiveCfg = Debug|Any CPU
		{B9C6D51A-4ADA-4392-92C9-8F2B52D53B2E}.Ad-Hoc|ARM.Build.0 = Debug|Any CPU
		{B9C6D51A-4ADA-4392-92C9-8F2B52D53B2E}.Ad-Hoc|iPhone.ActiveCfg = Debug|Any CPU
		{B9C6D51A-4ADA-4392-92C9-8F2B52D53B2E}.Ad-Hoc|iPhone.Build.0 = Debug|Any CPU
		{B9C6D51A-4ADA-4392-92C9-8F2B52D53B2E}.Ad-Hoc|iPhoneSimulator.ActiveCfg = Debug|Any CPU
		{B9C6D51A-4ADA-4392-92C9-8F2B52D53B2E}.Ad-Hoc|iPhoneSimulator.Build.0 = Debug|Any CPU
		{B9C6D51A-4ADA-4392-92C9-8F2B52D53B2E}.Ad-Hoc|x64.ActiveCfg = Debug|Any CPU
		{B9C6D51A-4ADA-4392-92C9-8F2B52D53B2E}.Ad-Hoc|x64.Build.0 = Debug|Any CPU
		{B9C6D51A-4ADA-4392-92C9-8F2B52D53B2E}.Ad-Hoc|x86.ActiveCfg = Debug|Any CPU
		{B9C6D51A-4ADA-4392-92C9-8F2B52D53B2E}.Ad-Hoc|x86.Build.0 = Debug|Any CPU
		{B9C6D51A-4ADA-4392-92C9-8F2B52D53B2E}.AppStore|Any CPU.ActiveCfg = Debug|Any CPU
		{B9C6D51A-4ADA-4392-92C9-8F2B52D53B2E}.AppStore|Any CPU.Build.0 = Debug|Any CPU
		{B9C6D51A-4ADA-4392-92C9-8F2B52D53B2E}.AppStore|ARM.ActiveCfg = Debug|Any CPU
		{B9C6D51A-4ADA-4392-92C9-8F2B52D53B2E}.AppStore|ARM.Build.0 = Debug|Any CPU
		{B9C6D51A-4ADA-4392-92C9-8F2B52D53B2E}.AppStore|iPhone.ActiveCfg = Debug|Any CPU
		{B9C6D51A-4ADA-4392-92C9-8F2B52D53B2E}.AppStore|iPhone.Build.0 = Debug|Any CPU
		{B9C6D51A-4ADA-4392-92C9-8F2B52D53B2E}.AppStore|iPhoneSimulator.ActiveCfg = Debug|Any CPU
		{B9C6D51A-4ADA-4392-92C9-8F2B52D53B2E}.AppStore|iPhoneSimulator.Build.0 = Debug|Any CPU
		{B9C6D51A-4ADA-4392-92C9-8F2B52D53B2E}.AppStore|x64.ActiveCfg = Debug|Any CPU
		{B9C6D51A-4ADA-4392-92C9-8F2B52D53B2E}.AppStore|x64.Build.0 = Debug|Any CPU
		{B9C6D51A-4ADA-4392-92C9-8F2B52D53B2E}.AppStore|x86.ActiveCfg = Debug|Any CPU
		{B9C6D51A-4ADA-4392-92C9-8F2B52D53B2E}.AppStore|x86.Build.0 = Debug|Any CPU
		{B9C6D51A-4ADA-4392-92C9-8F2B52D53B2E}.Debug|Any CPU.ActiveCfg = Debug|Any CPU
		{B9C6D51A-4ADA-4392-92C9-8F2B52D53B2E}.Debug|Any CPU.Build.0 = Debug|Any CPU
		{B9C6D51A-4ADA-4392-92C9-8F2B52D53B2E}.Debug|ARM.ActiveCfg = Debug|Any CPU
		{B9C6D51A-4ADA-4392-92C9-8F2B52D53B2E}.Debug|ARM.Build.0 = Debug|Any CPU
		{B9C6D51A-4ADA-4392-92C9-8F2B52D53B2E}.Debug|iPhone.ActiveCfg = Debug|Any CPU
		{B9C6D51A-4ADA-4392-92C9-8F2B52D53B2E}.Debug|iPhone.Build.0 = Debug|Any CPU
		{B9C6D51A-4ADA-4392-92C9-8F2B52D53B2E}.Debug|iPhoneSimulator.ActiveCfg = Debug|Any CPU
		{B9C6D51A-4ADA-4392-92C9-8F2B52D53B2E}.Debug|iPhoneSimulator.Build.0 = Debug|Any CPU
		{B9C6D51A-4ADA-4392-92C9-8F2B52D53B2E}.Debug|x64.ActiveCfg = Debug|Any CPU
		{B9C6D51A-4ADA-4392-92C9-8F2B52D53B2E}.Debug|x64.Build.0 = Debug|Any CPU
		{B9C6D51A-4ADA-4392-92C9-8F2B52D53B2E}.Debug|x86.ActiveCfg = Debug|Any CPU
		{B9C6D51A-4ADA-4392-92C9-8F2B52D53B2E}.Debug|x86.Build.0 = Debug|Any CPU
		{B9C6D51A-4ADA-4392-92C9-8F2B52D53B2E}.Release|Any CPU.ActiveCfg = Release|Any CPU
		{B9C6D51A-4ADA-4392-92C9-8F2B52D53B2E}.Release|Any CPU.Build.0 = Release|Any CPU
		{B9C6D51A-4ADA-4392-92C9-8F2B52D53B2E}.Release|ARM.ActiveCfg = Release|Any CPU
		{B9C6D51A-4ADA-4392-92C9-8F2B52D53B2E}.Release|ARM.Build.0 = Release|Any CPU
		{B9C6D51A-4ADA-4392-92C9-8F2B52D53B2E}.Release|iPhone.ActiveCfg = Release|Any CPU
		{B9C6D51A-4ADA-4392-92C9-8F2B52D53B2E}.Release|iPhone.Build.0 = Release|Any CPU
		{B9C6D51A-4ADA-4392-92C9-8F2B52D53B2E}.Release|iPhoneSimulator.ActiveCfg = Release|Any CPU
		{B9C6D51A-4ADA-4392-92C9-8F2B52D53B2E}.Release|iPhoneSimulator.Build.0 = Release|Any CPU
		{B9C6D51A-4ADA-4392-92C9-8F2B52D53B2E}.Release|x64.ActiveCfg = Release|Any CPU
		{B9C6D51A-4ADA-4392-92C9-8F2B52D53B2E}.Release|x64.Build.0 = Release|Any CPU
		{B9C6D51A-4ADA-4392-92C9-8F2B52D53B2E}.Release|x86.ActiveCfg = Release|Any CPU
		{B9C6D51A-4ADA-4392-92C9-8F2B52D53B2E}.Release|x86.Build.0 = Release|Any CPU
	EndGlobalSection
	GlobalSection(SolutionProperties) = preSolution
		HideSolutionNode = FALSE
	EndGlobalSection
	GlobalSection(ExtensibilityGlobals) = postSolution
		SolutionGuid = {F6662762-3E5D-42A7-899B-EBA96687A78B}
	EndGlobalSection
EndGlobal
